
Microsoft Visual Studio Solution File, Format Version 12.00
# Visual Studio 2013
VisualStudioVersion = 12.0.21005.1
MinimumVisualStudioVersion = 10.0.40219.1
Project("{FAE04EC0-301F-11D3-BF4B-00C04F79EFBC}") = "TopicsInSelenium", "TopicsInSelenium\TopicsInSelenium.csproj", "{25A70FEA-6ED9-48DB-A455-04B818BB8F38}"
EndProject
Global
	GlobalSection(SolutionConfigurationPlatforms) = preSolution
		Debug|Any CPU = Debug|Any CPU
		Release|Any CPU = Release|Any CPU
	EndGlobalSection
	GlobalSection(ProjectConfigurationPlatforms) = postSolution
		{25A70FEA-6ED9-48DB-A455-04B818BB8F38}.Debug|Any CPU.ActiveCfg = Debug|Any CPU
		{25A70FEA-6ED9-48DB-A455-04B818BB8F38}.Debug|Any CPU.Build.0 = Debug|Any CPU
		{25A70FEA-6ED9-48DB-A455-04B818BB8F38}.Release|Any CPU.ActiveCfg = Release|Any CPU
		{25A70FEA-6ED9-48DB-A455-04B818BB8F38}.Release|Any CPU.Build.0 = Release|Any CPU
	EndGlobalSection
	GlobalSection(SolutionProperties) = preSolution
		HideSolutionNode = FALSE
	EndGlobalSection
EndGlobal
